
Microsoft Visual Studio Solution File, Format Version 12.00
# Visual Studio Version 17
VisualStudioVersion = 17.1.32210.238
MinimumVisualStudioVersion = 10.0.40219.1
Project("{FAE04EC0-301F-11D3-BF4B-00C04F79EFBC}") = "Assembly-CSharp", "Assembly-CSharp.csproj", "{548E7B06-2287-8C79-614D-7AD495DFB68D}"
EndProject
Project("{FAE04EC0-301F-11D3-BF4B-00C04F79EFBC}") = "Assembly-CSharp-Editor", "Assembly-CSharp-Editor.csproj", "{7BD20497-22A3-B54D-D3A7-5806EBE853A0}"
EndProject
Global
	GlobalSection(SolutionConfigurationPlatforms) = preSolution
		Debug|Any CPU = Debug|Any CPU
		Release|Any CPU = Release|Any CPU
	EndGlobalSection
	GlobalSection(ProjectConfigurationPlatforms) = postSolution
		{548E7B06-2287-8C79-614D-7AD495DFB68D}.Debug|Any CPU.ActiveCfg = Debug|Any CPU
		{548E7B06-2287-8C79-614D-7AD495DFB68D}.Debug|Any CPU.Build.0 = Debug|Any CPU
		{548E7B06-2287-8C79-614D-7AD495DFB68D}.Release|Any CPU.ActiveCfg = Release|Any CPU
		{548E7B06-2287-8C79-614D-7AD495DFB68D}.Release|Any CPU.Build.0 = Release|Any CPU
		{7BD20497-22A3-B54D-D3A7-5806EBE853A0}.Debug|Any CPU.ActiveCfg = Debug|Any CPU
		{7BD20497-22A3-B54D-D3A7-5806EBE853A0}.Debug|Any CPU.Build.0 = Debug|Any CPU
		{7BD20497-22A3-B54D-D3A7-5806EBE853A0}.Release|Any CPU.ActiveCfg = Release|Any CPU
		{7BD20497-22A3-B54D-D3A7-5806EBE853A0}.Release|Any CPU.Build.0 = Release|Any CPU
	EndGlobalSection
	GlobalSection(SolutionProperties) = preSolution
		HideSolutionNode = FALSE
	EndGlobalSection
	GlobalSection(ExtensibilityGlobals) = postSolution
		SolutionGuid = {28217A5B-4E64-400F-BC06-4AF32CD49693}
	EndGlobalSection
EndGlobal
